
Microsoft Visual Studio Solution File, Format Version 12.00
# Visual Studio Version 18
VisualStudioVersion = 18.6.11822.322 stable
MinimumVisualStudioVersion = 10.0.40219.1
Project("{FAE04EC0-301F-11D3-BF4B-00C04F79EFBC}") = "SafeVault.Api", "SafeVault.Api.csproj", "{6DDEE789-E213-9C21-2E92-6E60B22F16AD}"
EndProject
Global
	GlobalSection(SolutionConfigurationPlatforms) = preSolution
		Debug|Any CPU = Debug|Any CPU
		Release|Any CPU = Release|Any CPU
	EndGlobalSection
	GlobalSection(ProjectConfigurationPlatforms) = postSolution
		{6DDEE789-E213-9C21-2E92-6E60B22F16AD}.Debug|Any CPU.ActiveCfg = Debug|Any CPU
		{6DDEE789-E213-9C21-2E92-6E60B22F16AD}.Debug|Any CPU.Build.0 = Debug|Any CPU
		{6DDEE789-E213-9C21-2E92-6E60B22F16AD}.Release|Any CPU.ActiveCfg = Release|Any CPU
		{6DDEE789-E213-9C21-2E92-6E60B22F16AD}.Release|Any CPU.Build.0 = Release|Any CPU
	EndGlobalSection
	GlobalSection(SolutionProperties) = preSolution
		HideSolutionNode = FALSE
	EndGlobalSection
	GlobalSection(ExtensibilityGlobals) = postSolution
		SolutionGuid = {4BBB4F9A-A53B-4001-9FF6-8F9B961E402D}
	EndGlobalSection
EndGlobal
