
Microsoft Visual Studio Solution File, Format Version 12.00
# Visual Studio Version 18
VisualStudioVersion = 18.6.11806.211 stable
MinimumVisualStudioVersion = 10.0.40219.1
Project("{FAE04EC0-301F-11D3-BF4B-00C04F79EFBC}") = "AsyncAPIApp", "AsyncAPIApp.csproj", "{989DA210-F042-C710-0DD6-94551C979A4F}"
EndProject
Global
	GlobalSection(SolutionConfigurationPlatforms) = preSolution
		Debug|Any CPU = Debug|Any CPU
		Release|Any CPU = Release|Any CPU
	EndGlobalSection
	GlobalSection(ProjectConfigurationPlatforms) = postSolution
		{989DA210-F042-C710-0DD6-94551C979A4F}.Debug|Any CPU.ActiveCfg = Debug|Any CPU
		{989DA210-F042-C710-0DD6-94551C979A4F}.Debug|Any CPU.Build.0 = Debug|Any CPU
		{989DA210-F042-C710-0DD6-94551C979A4F}.Release|Any CPU.ActiveCfg = Release|Any CPU
		{989DA210-F042-C710-0DD6-94551C979A4F}.Release|Any CPU.Build.0 = Release|Any CPU
	EndGlobalSection
	GlobalSection(SolutionProperties) = preSolution
		HideSolutionNode = FALSE
	EndGlobalSection
	GlobalSection(ExtensibilityGlobals) = postSolution
		SolutionGuid = {75256375-E7C4-4E22-AA62-FD1E299FD38E}
	EndGlobalSection
EndGlobal
