
Microsoft Visual Studio Solution File, Format Version 12.00
# Visual Studio Version 18
VisualStudioVersion = 18.6.11822.322 stable
MinimumVisualStudioVersion = 10.0.40219.1
Project("{FAE04EC0-301F-11D3-BF4B-00C04F79EFBC}") = "RealTimeApp", "RealTimeApp.csproj", "{E48E3EC9-1E9C-C232-5AE9-78EE128F5330}"
EndProject
Global
	GlobalSection(SolutionConfigurationPlatforms) = preSolution
		Debug|Any CPU = Debug|Any CPU
		Release|Any CPU = Release|Any CPU
	EndGlobalSection
	GlobalSection(ProjectConfigurationPlatforms) = postSolution
		{E48E3EC9-1E9C-C232-5AE9-78EE128F5330}.Debug|Any CPU.ActiveCfg = Debug|Any CPU
		{E48E3EC9-1E9C-C232-5AE9-78EE128F5330}.Debug|Any CPU.Build.0 = Debug|Any CPU
		{E48E3EC9-1E9C-C232-5AE9-78EE128F5330}.Release|Any CPU.ActiveCfg = Release|Any CPU
		{E48E3EC9-1E9C-C232-5AE9-78EE128F5330}.Release|Any CPU.Build.0 = Release|Any CPU
	EndGlobalSection
	GlobalSection(SolutionProperties) = preSolution
		HideSolutionNode = FALSE
	EndGlobalSection
	GlobalSection(ExtensibilityGlobals) = postSolution
		SolutionGuid = {B3ECDF63-C754-4587-BB3D-CDBC26801E65}
	EndGlobalSection
EndGlobal
